
Microsoft Visual Studio Solution File, Format Version 12.00
# Visual Studio Version 17
VisualStudioVersion = 17.8.34309.116
MinimumVisualStudioVersion = 10.0.40219.1
Project("{FAE04EC0-301F-11D3-BF4B-00C04F79EFBC}") = "AntecipacaoDeTitulos", "AntecipacaoDeTitulos.csproj", "{0AA86D7D-8D1C-479E-9996-8E81067A5584}"
EndProject
Global
	GlobalSection(SolutionConfigurationPlatforms) = preSolution
		Debug|Any CPU = Debug|Any CPU
		Release|Any CPU = Release|Any CPU
	EndGlobalSection
	GlobalSection(ProjectConfigurationPlatforms) = postSolution
		{0AA86D7D-8D1C-479E-9996-8E81067A5584}.Debug|Any CPU.ActiveCfg = Debug|Any CPU
		{0AA86D7D-8D1C-479E-9996-8E81067A5584}.Debug|Any CPU.Build.0 = Debug|Any CPU
		{0AA86D7D-8D1C-479E-9996-8E81067A5584}.Release|Any CPU.ActiveCfg = Release|Any CPU
		{0AA86D7D-8D1C-479E-9996-8E81067A5584}.Release|Any CPU.Build.0 = Release|Any CPU
	EndGlobalSection
	GlobalSection(SolutionProperties) = preSolution
		HideSolutionNode = FALSE
	EndGlobalSection
	GlobalSection(ExtensibilityGlobals) = postSolution
		SolutionGuid = {2C176BC2-DB34-47ED-A32F-4B92D3E06E61}
	EndGlobalSection
EndGlobal
